{
  "name": "@fielder/solid",
  "lockfileVersion": 2,
  "requires": true,
  "packages": {
    "": {
      "name": "@fielder/solid",
      "devDependencies": {
        "solid-js": "^1.5.5"
      },
      "peerDependencies": {
        "solid-js": ">= 1.5.0"
      }
    },
    "node_modules/csstype": {
      "version": "3.1.1",
      "resolved": "https://registry.npmjs.org/csstype/-/csstype-3.1.1.tgz",
      "integrity": "sha512-DJR/VvkAvSZW9bTouZue2sSxDwdTN92uHjqeKVm+0dAqdfNykRzQ95tay8aXMBAAPpUiq4Qcug2L7neoRh2Egw==",
      "dev": true
    },
    "node_modules/solid-js": {
      "version": "1.5.5",
      "resolved": "https://registry.npmjs.org/solid-js/-/solid-js-1.5.5.tgz",
      "integrity": "sha512-5gXszD7ekhe59IyMa3+AvREJnBWVjwaeC7afL8C3UNPj5gQQCrsMs/cXwI3JRpj6D+3TESTyuQ2sY++m4cYiTg==",
      "dev": true,
      "dependencies": {
        "csstype": "^3.1.0"
      }
    }
  },
  "dependencies": {
    "csstype": {
      "version": "3.1.1",
      "resolved": "https://registry.npmjs.org/csstype/-/csstype-3.1.1.tgz",
      "integrity": "sha512-DJR/VvkAvSZW9bTouZue2sSxDwdTN92uHjqeKVm+0dAqdfNykRzQ95tay8aXMBAAPpUiq4Qcug2L7neoRh2Egw==",
      "dev": true
    },
    "solid-js": {
      "version": "1.5.5",
      "resolved": "https://registry.npmjs.org/solid-js/-/solid-js-1.5.5.tgz",
      "integrity": "sha512-5gXszD7ekhe59IyMa3+AvREJnBWVjwaeC7afL8C3UNPj5gQQCrsMs/cXwI3JRpj6D+3TESTyuQ2sY++m4cYiTg==",
      "dev": true,
      "requires": {
        "csstype": "^3.1.0"
      }
    }
  }
}
